
Microsoft Visual Studio Solution File, Format Version 12.00
# Visual Studio Version 16
VisualStudioVersion = 16.0.29728.190
MinimumVisualStudioVersion = 10.0.40219.1
Project("{9A19103F-16F7-4668-BE54-9A1E7A4F7556}") = "WebCampeonato", "WebCampeonato.csproj", "{72F7A5E6-1617-4F87-B929-D7D808D94469}"
EndProject
Global
	GlobalSection(SolutionConfigurationPlatforms) = preSolution
		Debug|Any CPU = Debug|Any CPU
		Release|Any CPU = Release|Any CPU
	EndGlobalSection
	GlobalSection(ProjectConfigurationPlatforms) = postSolution
		{72F7A5E6-1617-4F87-B929-D7D808D94469}.Debug|Any CPU.ActiveCfg = Debug|Any CPU
		{72F7A5E6-1617-4F87-B929-D7D808D94469}.Debug|Any CPU.Build.0 = Debug|Any CPU
		{72F7A5E6-1617-4F87-B929-D7D808D94469}.Release|Any CPU.ActiveCfg = Release|Any CPU
		{72F7A5E6-1617-4F87-B929-D7D808D94469}.Release|Any CPU.Build.0 = Release|Any CPU
	EndGlobalSection
	GlobalSection(SolutionProperties) = preSolution
		HideSolutionNode = FALSE
	EndGlobalSection
	GlobalSection(ExtensibilityGlobals) = postSolution
		SolutionGuid = {6BB02701-97CB-487B-9AF6-72DF6003A61F}
	EndGlobalSection
EndGlobal
